github.com/joho/godotenv v1.4.0 h1:3l4+N6zfMWnkbPEXKng2o2/MR5mSwTrBih4ZEkkz1lg=
github.com/joho/godotenv v1.4.0/go.mod h1:f4LDr5Voq0i2e/R5DDNOoa2zzDfwtkZa6DnEwAbqwq4=
github.com/wopta/goworkspace/enrichVatCode v0.0.0-20220722092324-7917a5f66dce h1:TCA2FoXOXiPnCUlS8QDJk1X/nw7WTWNbt9yVaE7bXCw=
github.com/wopta/goworkspace/enrichVatCode v0.0.0-20220722092324-7917a5f66dce/go.mod h1:EGlHGKj32zWm6wBU1dxnPjxGi/PasR7z8fShy9YiEHA=
